Microsoft Visual Studio Solution File, Format Version 12.00
# Visual Studio Version 16
VisualStudioVersion = 16.0.28822.285
MinimumVisualStudioVersion = 15.0.26124.0
Project("{9A19103F-16F7-4668-BE54-9A1E7A4F7556}") = "Mighty", "src\Mighty.csproj", "{0FAA0F08-92D1-49D2-895E-E3BA22469BEF}"
EndProject
Project("{9A19103F-16F7-4668-BE54-9A1E7A4F7556}") = "MightyTests", "tests\MightyTests.csproj", "{442A0DA0-14D9-46D5-9064-F134D435A715}"
EndProject
Project("{9A19103F-16F7-4668-BE54-9A1E7A4F7556}") = "SqlProfiler", "..\SqlProfiler\SqlProfiler.csproj", "{2BED5896-AB3E-4F24-9ECE-B9869048C87E}"
EndProject
Global
	GlobalSection(SolutionConfigurationPlatforms) = preSolution
		Debug|Any CPU = Debug|Any CPU
		Debug|x64 = Debug|x64
		Debug|x86 = Debug|x86
		Release|Any CPU = Release|Any CPU
		Release|x64 = Release|x64
		Release|x86 = Release|x86
	EndGlobalSection
	GlobalSection(ProjectConfigurationPlatforms) = postSolution
		{0FAA0F08-92D1-49D2-895E-E3BA22469BEF}.Debug|Any CPU.ActiveCfg = Debug|Any CPU
		{0FAA0F08-92D1-49D2-895E-E3BA22469BEF}.Debug|Any CPU.Build.0 = Debug|Any CPU
		{0FAA0F08-92D1-49D2-895E-E3BA22469BEF}.Debug|x64.ActiveCfg = Debug|Any CPU
		{0FAA0F08-92D1-49D2-895E-E3BA22469BEF}.Debug|x64.Build.0 = Debug|Any CPU
		{0FAA0F08-92D1-49D2-895E-E3BA22469BEF}.Debug|x86.ActiveCfg = Debug|Any CPU
		{0FAA0F08-92D1-49D2-895E-E3BA22469BEF}.Debug|x86.Build.0 = Debug|Any CPU
		{0FAA0F08-92D1-49D2-895E-E3BA22469BEF}.Release|Any CPU.ActiveCfg = Release|Any CPU
		{0FAA0F08-92D1-49D2-895E-E3BA22469BEF}.Release|Any CPU.Build.0 = Release|Any CPU
		{0FAA0F08-92D1-49D2-895E-E3BA22469BEF}.Release|x64.ActiveCfg = Release|Any CPU
		{0FAA0F08-92D1-49D2-895E-E3BA22469BEF}.Release|x64.Build.0 = Release|Any CPU
		{0FAA0F08-92D1-49D2-895E-E3BA22469BEF}.Release|x86.ActiveCfg = Release|Any CPU
		{0FAA0F08-92D1-49D2-895E-E3BA22469BEF}.Release|x86.Build.0 = Release|Any CPU
		{442A0DA0-14D9-46D5-9064-F134D435A715}.Debug|Any CPU.ActiveCfg = Debug|Any CPU
		{442A0DA0-14D9-46D5-9064-F134D435A715}.Debug|Any CPU.Build.0 = Debug|Any CPU
		{442A0DA0-14D9-46D5-9064-F134D435A715}.Debug|x64.ActiveCfg = Debug|Any CPU
		{442A0DA0-14D9-46D5-9064-F134D435A715}.Debug|x64.Build.0 = Debug|Any CPU
		{442A0DA0-14D9-46D5-9064-F134D435A715}.Debug|x86.ActiveCfg = Debug|Any CPU
		{442A0DA0-14D9-46D5-9064-F134D435A715}.Debug|x86.Build.0 = Debug|Any CPU
		{442A0DA0-14D9-46D5-9064-F134D435A715}.Release|Any CPU.ActiveCfg = Release|Any CPU
		{442A0DA0-14D9-46D5-9064-F134D435A715}.Release|Any CPU.Build.0 = Release|Any CPU
		{442A0DA0-14D9-46D5-9064-F134D435A715}.Release|x64.ActiveCfg = Release|Any CPU
		{442A0DA0-14D9-46D5-9064-F134D435A715}.Release|x64.Build.0 = Release|Any CPU
		{442A0DA0-14D9-46D5-9064-F134D435A715}.Release|x86.ActiveCfg = Release|Any CPU
		{442A0DA0-14D9-46D5-9064-F134D435A715}.Release|x86.Build.0 = Release|Any CPU
		{2BED5896-AB3E-4F24-9ECE-B9869048C87E}.Debug|Any CPU.ActiveCfg = Debug|Any CPU
		{2BED5896-AB3E-4F24-9ECE-B9869048C87E}.Debug|Any CPU.Build.0 = Debug|Any CPU
		{2BED5896-AB3E-4F24-9ECE-B9869048C87E}.Debug|x64.ActiveCfg = Debug|Any CPU
		{2BED5896-AB3E-4F24-9ECE-B9869048C87E}.Debug|x64.Build.0 = Debug|Any CPU
		{2BED5896-AB3E-4F24-9ECE-B9869048C87E}.Debug|x86.ActiveCfg = Debug|Any CPU
		{2BED5896-AB3E-4F24-9ECE-B9869048C87E}.Debug|x86.Build.0 = Debug|Any CPU
		{2BED5896-AB3E-4F24-9ECE-B9869048C87E}.Release|Any CPU.ActiveCfg = Release|Any CPU
		{2BED5896-AB3E-4F24-9ECE-B9869048C87E}.Release|Any CPU.Build.0 = Release|Any CPU
		{2BED5896-AB3E-4F24-9ECE-B9869048C87E}.Release|x64.ActiveCfg = Release|Any CPU
		{2BED5896-AB3E-4F24-9ECE-B9869048C87E}.Release|x64.Build.0 = Release|Any CPU
		{2BED5896-AB3E-4F24-9ECE-B9869048C87E}.Release|x86.ActiveCfg = Release|Any CPU
		{2BED5896-AB3E-4F24-9ECE-B9869048C87E}.Release|x86.Build.0 = Release|Any CPU
	EndGlobalSection
	GlobalSection(SolutionProperties) = preSolution
		HideSolutionNode = FALSE
	EndGlobalSection
	GlobalSection(ExtensibilityGlobals) = postSolution
		SolutionGuid = {969B7CF4-9788-4F27-A69D-47590EBC80EF}
	EndGlobalSection
EndGlobal
