Microsoft Visual Studio Solution File, Format Version 12.00
# Visual Studio 15
VisualStudioVersion = 15.0.26228.9
MinimumVisualStudioVersion = 15.0.26124.0
Project("{9A19103F-16F7-4668-BE54-9A1E7A4F7556}") = "Mighty", "src\Mighty.csproj", "{0FAA0F08-92D1-49D2-895E-E3BA22469BEF}"
EndProject
Project("{9A19103F-16F7-4668-BE54-9A1E7A4F7556}") = "MightyTests", "tests\MightyTests.csproj", "{442A0DA0-14D9-46D5-9064-F134D435A715}"
EndProject
Project("{9A19103F-16F7-4668-BE54-9A1E7A4F7556}") = "SqlProfiler", "..\..\SqlProfiler\SqlProfiler.csproj", "{976E42DE-5C9B-427C-84D3-64B9C95B4E1D}"
EndProject
Global
	GlobalSection(SolutionConfigurationPlatforms) = preSolution
		Debug|Any CPU = Debug|Any CPU
		Debug|x64 = Debug|x64
		Debug|x86 = Debug|x86
		Release|Any CPU = Release|Any CPU
		Release|x64 = Release|x64
		Release|x86 = Release|x86
	EndGlobalSection
	GlobalSection(ProjectConfigurationPlatforms) = postSolution
		{0FAA0F08-92D1-49D2-895E-E3BA22469BEF}.Debug|Any CPU.ActiveCfg = Debug|Any CPU
		{0FAA0F08-92D1-49D2-895E-E3BA22469BEF}.Debug|Any CPU.Build.0 = Debug|Any CPU
		{0FAA0F08-92D1-49D2-895E-E3BA22469BEF}.Debug|x64.ActiveCfg = Debug|Any CPU
		{0FAA0F08-92D1-49D2-895E-E3BA22469BEF}.Debug|x64.Build.0 = Debug|Any CPU
		{0FAA0F08-92D1-49D2-895E-E3BA22469BEF}.Debug|x86.ActiveCfg = Debug|Any CPU
		{0FAA0F08-92D1-49D2-895E-E3BA22469BEF}.Debug|x86.Build.0 = Debug|Any CPU
		{0FAA0F08-92D1-49D2-895E-E3BA22469BEF}.Release|Any CPU.ActiveCfg = Release|Any CPU
		{0FAA0F08-92D1-49D2-895E-E3BA22469BEF}.Release|Any CPU.Build.0 = Release|Any CPU
		{0FAA0F08-92D1-49D2-895E-E3BA22469BEF}.Release|x64.ActiveCfg = Release|Any CPU
		{0FAA0F08-92D1-49D2-895E-E3BA22469BEF}.Release|x64.Build.0 = Release|Any CPU
		{0FAA0F08-92D1-49D2-895E-E3BA22469BEF}.Release|x86.ActiveCfg = Release|Any CPU
		{0FAA0F08-92D1-49D2-895E-E3BA22469BEF}.Release|x86.Build.0 = Release|Any CPU
		{442A0DA0-14D9-46D5-9064-F134D435A715}.Debug|Any CPU.ActiveCfg = Debug|Any CPU
		{442A0DA0-14D9-46D5-9064-F134D435A715}.Debug|Any CPU.Build.0 = Debug|Any CPU
		{442A0DA0-14D9-46D5-9064-F134D435A715}.Debug|x64.ActiveCfg = Debug|Any CPU
		{442A0DA0-14D9-46D5-9064-F134D435A715}.Debug|x64.Build.0 = Debug|Any CPU
		{442A0DA0-14D9-46D5-9064-F134D435A715}.Debug|x86.ActiveCfg = Debug|Any CPU
		{442A0DA0-14D9-46D5-9064-F134D435A715}.Debug|x86.Build.0 = Debug|Any CPU
		{442A0DA0-14D9-46D5-9064-F134D435A715}.Release|Any CPU.ActiveCfg = Release|Any CPU
		{442A0DA0-14D9-46D5-9064-F134D435A715}.Release|Any CPU.Build.0 = Release|Any CPU
		{442A0DA0-14D9-46D5-9064-F134D435A715}.Release|x64.ActiveCfg = Release|Any CPU
		{442A0DA0-14D9-46D5-9064-F134D435A715}.Release|x64.Build.0 = Release|Any CPU
		{442A0DA0-14D9-46D5-9064-F134D435A715}.Release|x86.ActiveCfg = Release|Any CPU
		{442A0DA0-14D9-46D5-9064-F134D435A715}.Release|x86.Build.0 = Release|Any CPU
		{976E42DE-5C9B-427C-84D3-64B9C95B4E1D}.Debug|Any CPU.ActiveCfg = Debug|Any CPU
		{976E42DE-5C9B-427C-84D3-64B9C95B4E1D}.Debug|Any CPU.Build.0 = Debug|Any CPU
		{976E42DE-5C9B-427C-84D3-64B9C95B4E1D}.Debug|x64.ActiveCfg = Debug|Any CPU
		{976E42DE-5C9B-427C-84D3-64B9C95B4E1D}.Debug|x64.Build.0 = Debug|Any CPU
		{976E42DE-5C9B-427C-84D3-64B9C95B4E1D}.Debug|x86.ActiveCfg = Debug|Any CPU
		{976E42DE-5C9B-427C-84D3-64B9C95B4E1D}.Debug|x86.Build.0 = Debug|Any CPU
		{976E42DE-5C9B-427C-84D3-64B9C95B4E1D}.Release|Any CPU.ActiveCfg = Release|Any CPU
		{976E42DE-5C9B-427C-84D3-64B9C95B4E1D}.Release|Any CPU.Build.0 = Release|Any CPU
		{976E42DE-5C9B-427C-84D3-64B9C95B4E1D}.Release|x64.ActiveCfg = Release|Any CPU
		{976E42DE-5C9B-427C-84D3-64B9C95B4E1D}.Release|x64.Build.0 = Release|Any CPU
		{976E42DE-5C9B-427C-84D3-64B9C95B4E1D}.Release|x86.ActiveCfg = Release|Any CPU
		{976E42DE-5C9B-427C-84D3-64B9C95B4E1D}.Release|x86.Build.0 = Release|Any CPU
	EndGlobalSection
	GlobalSection(SolutionProperties) = preSolution
		HideSolutionNode = FALSE
	EndGlobalSection
	GlobalSection(NestedProjects) = preSolution
		{0FAA0F08-92D1-49D2-895E-E3BA22469BEF} = {C57E0FE5-2B0F-4D0B-A6B3-F678940C1F09}
		{442A0DA0-14D9-46D5-9064-F134D435A715} = {C57E0FE5-2B0F-4D0B-A6B3-F678940C1F09}
	EndGlobalSection
EndGlobal
